
Microsoft Visual Studio Solution File, Format Version 12.00
# Visual Studio Version 17
VisualStudioVersion = 17.3.32922.545
MinimumVisualStudioVersion = 10.0.40219.1
Project("{8BC9CEB8-8B4A-11D0-8D11-00A0C91BC942}") = "ch9birthdayListWithFile", "ch9birthdayListWithFile\ch9birthdayListWithFile.vcxproj", "{7CFA2506-5F1E-49D5-B3EB-4B43CDAB11A2}"
EndProject
Global
	GlobalSection(SolutionConfigurationPlatforms) = preSolution
		Debug|x64 = Debug|x64
		Debug|x86 = Debug|x86
		Release|x64 = Release|x64
		Release|x86 = Release|x86
	EndGlobalSection
	GlobalSection(ProjectConfigurationPlatforms) = postSolution
		{7CFA2506-5F1E-49D5-B3EB-4B43CDAB11A2}.Debug|x64.ActiveCfg = Debug|x64
		{7CFA2506-5F1E-49D5-B3EB-4B43CDAB11A2}.Debug|x64.Build.0 = Debug|x64
		{7CFA2506-5F1E-49D5-B3EB-4B43CDAB11A2}.Debug|x86.ActiveCfg = Debug|Win32
		{7CFA2506-5F1E-49D5-B3EB-4B43CDAB11A2}.Debug|x86.Build.0 = Debug|Win32
		{7CFA2506-5F1E-49D5-B3EB-4B43CDAB11A2}.Release|x64.ActiveCfg = Release|x64
		{7CFA2506-5F1E-49D5-B3EB-4B43CDAB11A2}.Release|x64.Build.0 = Release|x64
		{7CFA2506-5F1E-49D5-B3EB-4B43CDAB11A2}.Release|x86.ActiveCfg = Release|Win32
		{7CFA2506-5F1E-49D5-B3EB-4B43CDAB11A2}.Release|x86.Build.0 = Release|Win32
	EndGlobalSection
	GlobalSection(SolutionProperties) = preSolution
		HideSolutionNode = FALSE
	EndGlobalSection
	GlobalSection(ExtensibilityGlobals) = postSolution
		SolutionGuid = {BF6C65CD-EF51-4F92-BD78-AC6BE4BEEA0D}
	EndGlobalSection
EndGlobal
